
Microsoft Visual Studio Solution File, Format Version 12.00
# Visual Studio Version 16
VisualStudioVersion = 16.0.30503.244
MinimumVisualStudioVersion = 10.0.40219.1
Project("{FAE04EC0-301F-11D3-BF4B-00C04F79EFBC}") = "Core", "Core\Core.csproj", "{4443A1EC-91D5-468C-A2E2-7E6EC4889A4D}"
EndProject
Project("{FAE04EC0-301F-11D3-BF4B-00C04F79EFBC}") = "Entities", "Entities\Entities.csproj", "{F896D259-C5AF-44FD-883F-262CC2774B4D}"
EndProject
Project("{FAE04EC0-301F-11D3-BF4B-00C04F79EFBC}") = "UnitTests", "UnitTests\UnitTests.csproj", "{3BF0142C-137C-4006-92E2-D4EB6DA493B3}"
EndProject
Global
	GlobalSection(SolutionConfigurationPlatforms) = preSolution
		Debug|Any CPU = Debug|Any CPU
		Release|Any CPU = Release|Any CPU
	EndGlobalSection
	GlobalSection(ProjectConfigurationPlatforms) = postSolution
		{4443A1EC-91D5-468C-A2E2-7E6EC4889A4D}.Debug|Any CPU.ActiveCfg = Debug|Any CPU
		{4443A1EC-91D5-468C-A2E2-7E6EC4889A4D}.Debug|Any CPU.Build.0 = Debug|Any CPU
		{4443A1EC-91D5-468C-A2E2-7E6EC4889A4D}.Release|Any CPU.ActiveCfg = Release|Any CPU
		{4443A1EC-91D5-468C-A2E2-7E6EC4889A4D}.Release|Any CPU.Build.0 = Release|Any CPU
		{F896D259-C5AF-44FD-883F-262CC2774B4D}.Debug|Any CPU.ActiveCfg = Debug|Any CPU
		{F896D259-C5AF-44FD-883F-262CC2774B4D}.Debug|Any CPU.Build.0 = Debug|Any CPU
		{F896D259-C5AF-44FD-883F-262CC2774B4D}.Release|Any CPU.ActiveCfg = Release|Any CPU
		{F896D259-C5AF-44FD-883F-262CC2774B4D}.Release|Any CPU.Build.0 = Release|Any CPU
		{3BF0142C-137C-4006-92E2-D4EB6DA493B3}.Debug|Any CPU.ActiveCfg = Debug|Any CPU
		{3BF0142C-137C-4006-92E2-D4EB6DA493B3}.Debug|Any CPU.Build.0 = Debug|Any CPU
		{3BF0142C-137C-4006-92E2-D4EB6DA493B3}.Release|Any CPU.ActiveCfg = Release|Any CPU
		{3BF0142C-137C-4006-92E2-D4EB6DA493B3}.Release|Any CPU.Build.0 = Release|Any CPU
	EndGlobalSection
	GlobalSection(SolutionProperties) = preSolution
		HideSolutionNode = FALSE
	EndGlobalSection
	GlobalSection(ExtensibilityGlobals) = postSolution
		SolutionGuid = {266B105D-2F57-48B0-8E29-37F30CDEF717}
	EndGlobalSection
EndGlobal
